# THIS IS AN AUTOGENERATED FILE. DO NOT EDIT THIS FILE DIRECTLY.
# yarn lockfile v1


"@popperjs/core@^2.5.3":
  version "2.5.3"
  resolved "https://registry.yarnpkg.com/@popperjs/core/-/core-2.5.3.tgz#4982b0b66b7a4cf949b86f5d25a8cf757d3cfd9d"
  integrity sha512-RFwCobxsvZ6j7twS7dHIZQZituMIDJJNHS/qY6iuthVebxS3zhRY+jaC2roEKiAYaVuTcGmX6Luc6YBcf6zJVg==

bootstrap@^4.5.3:
  version "4.5.3"
  resolved "https://registry.yarnpkg.com/bootstrap/-/bootstrap-4.5.3.tgz#c6a72b355aaf323920be800246a6e4ef30997fe6"
  integrity sha512-o9ppKQioXGqhw8Z7mah6KdTYpNQY//tipnkxppWhPbiSWdD+1raYsnhwEZjkTHYbGee4cVQ0Rx65EhOY/HNLcQ==

datatables.net-buttons-dt@^1.6.5:
  version "1.6.5"
  resolved "https://registry.yarnpkg.com/datatables.net-buttons-dt/-/datatables.net-buttons-dt-1.6.5.tgz#55a1ebff030250fe9769d8898f6f916de999fd7f"
  integrity sha512-BeuAvOp2pHyTC7WgectJ29APyno9b+90Jg7W4YeWK/G3bOmp+ZYx4/cr4XsnluAPfLQOsnLwoPx+LEc7B7BzAQ==
  dependencies:
    datatables.net-buttons "1.6.5"
    datatables.net-dt "^1.10.15"
    jquery ">=1.7"

datatables.net-buttons@1.6.5, datatables.net-buttons@^1.6.5:
  version "1.6.5"
  resolved "https://registry.yarnpkg.com/datatables.net-buttons/-/datatables.net-buttons-1.6.5.tgz#e7142b928ec9f5a6f9381bb965605c12e1610954"
  integrity sha512-JmV1ncTbpiDXxU/e8ucFIbNLrmlGUrWrURBLI19Rd/rT+WSbH8TmLjoFVyTFuvC4PdzyLY2swEi+O1SC1ehGKQ==
  dependencies:
    datatables.net "^1.10.15"
    jquery ">=1.7"

datatables.net-dt@^1.10.15:
  version "1.10.22"
  resolved "https://registry.yarnpkg.com/datatables.net-dt/-/datatables.net-dt-1.10.22.tgz#476a5c07b790f4883b71b1db6a616709048d449c"
  integrity sha512-JYqE8noge7YGOydsiyLsWtPUofOHFEMCeOwS47kpykWqDJyU6GE2E3JaEeDq6hokg39UQKDNIRFnsM7GhA/BGw==
  dependencies:
    datatables.net "1.10.22"
    jquery ">=1.7"

datatables.net@1.10.22, datatables.net@^1.10.15:
  version "1.10.22"
  resolved "https://registry.yarnpkg.com/datatables.net/-/datatables.net-1.10.22.tgz#975d4ffb1eb40dec5fb772eaf93796ec1a948b55"
  integrity sha512-ujn8GvkQIBYzYH54XY7OrI0Zb35TKRd9ABYfbnXgBfwTGIFT6UsmXrfHU5Yk+MSDoF0sDu2TB+31V6c+zUZ0Pw==
  dependencies:
    jquery ">=1.7"

datatables@^1.10.18:
  version "1.10.18"
  resolved "https://registry.yarnpkg.com/datatables/-/datatables-1.10.18.tgz#fee16e82aa70b17c5faf1a6954ac68f404f33a70"
  integrity sha512-ntatMgS9NN6UMpwbmO+QkYJuKlVeMA2Mi0Gu/QxyIh+dW7ZjLSDhPT2tWlzjpIWEkDYgieDzS9Nu7bdQCW0sbQ==
  dependencies:
    jquery ">=1.7"

jquery@>=1.7, jquery@^3.5.1:
  version "3.5.1"
  resolved "https://registry.yarnpkg.com/jquery/-/jquery-3.5.1.tgz#d7b4d08e1bfdb86ad2f1a3d039ea17304717abb5"
  integrity sha512-XwIBPqcMn57FxfT+Go5pzySnm4KWkT1Tv7gjrpT1srtf8Weynl6R273VJ5GjkRb51IzMp5nbaPjJXMWeju2MKg==
